{
  "name": "web-app-from-scratch-2021",
  "version": "1.0.0",
  "lockfileVersion": 1,
  "requires": true,
  "dependencies": {
    "navigo": {
      "version": "8.8.6",
      "resolved": "https://registry.npmjs.org/navigo/-/navigo-8.8.6.tgz",
      "integrity": "sha512-0vlhmYmaUzEuaXbdVrp9iv9X8XTEaT77iwTiKq5yfRDMvzBYXlf94Q2iV+8fSFCKvcPuzVeEJYeqtNQpBsGvag=="
    }
  }
}
